# Code generated by scarb DO NOT EDIT.
version = 1

[[package]]
name = "bam"
version = "0.1.0"
dependencies = [
 "fixed",
]

[[package]]
name = "blockmap"
version = "0.1.0"
dependencies = [
 "fixed",
 "geom2d",
]

[[package]]
name = "bsp"
version = "0.1.0"
dependencies = [
 "fixed",
 "geom2d",
]

[[package]]
name = "doom_map"
version = "0.1.0"
dependencies = [
 "bam",
 "blockmap",
 "bsp",
 "fixed",
 "geom2d",
]

[[package]]
name = "doom_specials"
version = "0.1.0"
dependencies = [
 "doom_map",
 "fixed",
 "prng",
 "state_hash",
]

[[package]]
name = "doom_specials_bench"
version = "0.1.0"
dependencies = [
 "doom_map",
 "doom_specials",
 "doom_things",
 "fixed",
 "prng",
]

[[package]]
name = "doom_things"
version = "0.1.0"
dependencies = [
 "fixed",
 "fsm",
 "prng",
]

[[package]]
name = "fixed"
version = "0.1.0"

[[package]]
name = "fsm"
version = "0.1.0"

[[package]]
name = "geom2d"
version = "0.1.0"
dependencies = [
 "bam",
 "fixed",
]

[[package]]
name = "prng"
version = "0.1.0"

[[package]]
name = "state_hash"
version = "0.1.0"
