# Code generated by scarb DO NOT EDIT.
version = 1

[[package]]
name = "bam"
version = "0.1.0"
dependencies = [
 "fixed",
]

[[package]]
name = "blockmap"
version = "0.1.0"
dependencies = [
 "fixed",
 "geom2d",
]

[[package]]
name = "bsp"
version = "0.1.0"
dependencies = [
 "fixed",
 "geom2d",
]

[[package]]
name = "doom_game"
version = "0.1.0"
dependencies = [
 "doom_map",
 "doom_monsters",
 "doom_player",
 "doom_specials",
 "doom_things",
 "fixed",
 "fsm",
 "geom2d",
 "segment",
 "state_hash",
 "ticcmd",
]

[[package]]
name = "doom_map"
version = "0.1.0"
dependencies = [
 "bam",
 "blockmap",
 "bsp",
 "fixed",
 "geom2d",
]

[[package]]
name = "doom_monsters"
version = "0.1.0"
dependencies = [
 "doom_map",
 "doom_physics",
 "doom_things",
 "fixed",
 "fsm",
 "geom2d",
 "prng",
]

[[package]]
name = "doom_physics"
version = "0.1.0"
dependencies = [
 "bam",
 "blockmap",
 "bsp",
 "doom_map",
 "doom_things",
 "fixed",
 "fsm",
 "geom2d",
 "prng",
]

[[package]]
name = "doom_player"
version = "0.1.0"
dependencies = [
 "doom_map",
 "doom_physics",
 "doom_things",
 "fixed",
 "geom2d",
 "ticcmd",
]

[[package]]
name = "doom_run"
version = "0.1.0"
dependencies = [
 "doom_game",
 "doom_map",
 "ticcmd",
]

[[package]]
name = "doom_specials"
version = "0.1.0"
dependencies = [
 "doom_map",
 "doom_things",
 "fixed",
 "prng",
 "state_hash",
]

[[package]]
name = "doom_things"
version = "0.1.0"
dependencies = [
 "fixed",
 "fsm",
 "prng",
]

[[package]]
name = "fixed"
version = "0.1.0"

[[package]]
name = "fsm"
version = "0.1.0"

[[package]]
name = "geom2d"
version = "0.1.0"
dependencies = [
 "bam",
 "fixed",
]

[[package]]
name = "prng"
version = "0.1.0"

[[package]]
name = "segment"
version = "0.1.0"
dependencies = [
 "state_hash",
 "ticcmd",
]

[[package]]
name = "state_hash"
version = "0.1.0"

[[package]]
name = "ticcmd"
version = "0.1.0"
