# Code generated by scarb DO NOT EDIT.
version = 1

[[package]]
name = "bam"
version = "0.1.0"
dependencies = [
 "fixed",
]

[[package]]
name = "blockmap"
version = "0.1.0"
dependencies = [
 "fixed",
 "geom2d",
]

[[package]]
name = "bsp"
version = "0.1.0"
dependencies = [
 "fixed",
 "geom2d",
]

[[package]]
name = "doom_map"
version = "0.1.0"
dependencies = [
 "bam",
 "blockmap",
 "bsp",
 "fixed",
 "geom2d",
]

[[package]]
name = "doom_map_bench"
version = "0.1.0"
dependencies = [
 "blockmap",
 "doom_map",
 "fixed",
 "geom2d",
]

[[package]]
name = "fixed"
version = "0.1.0"

[[package]]
name = "geom2d"
version = "0.1.0"
dependencies = [
 "bam",
 "fixed",
]
