# Code generated by scarb DO NOT EDIT.
version = 1

[[package]]
name = "segment"
version = "0.1.0"
dependencies = [
 "state_hash",
 "ticcmd",
]

[[package]]
name = "segment_bench"
version = "0.1.0"
dependencies = [
 "segment",
 "state_hash",
 "ticcmd",
]

[[package]]
name = "state_hash"
version = "0.1.0"

[[package]]
name = "ticcmd"
version = "0.1.0"
